<?xml version="1.0" encoding="utf-8"?>
<Project ToolsVersion="4.0" xmlns="http://schemas.microsoft.com/developer/msbuild/2003">
  <ItemGroup>
    <Filter Include="Source Files">
      <UniqueIdentifier>{4FC737F1-C7A5-4376-A066-2A32D752A2FF}</UniqueIdentifier>
      <Extensions>cpp;cxx;c;def</Extensions>
    </Filter>
    <Filter Include="Header Files">
      <UniqueIdentifier>{93995380-89BD-4b04-88EB-625FBE52EBFB}</UniqueIdentifier>
      <Extensions>h</Extensions>
    </Filter>
    <Filter Include="Form Files">
      <UniqueIdentifier>{99349809-55BA-4b9d-BF79-8FDBB0286EB3}</UniqueIdentifier>
      <Extensions>ui</Extensions>
    </Filter>
    <Filter Include="Resource Files">
      <UniqueIdentifier>{D9D6E242-F8AF-46E4-B9FD-80ECBC20BA3E}</UniqueIdentifier>
      <Extensions>qrc;*</Extensions>
      <ParseFiles>false</ParseFiles>
    </Filter>
    <Filter Include="Generated Files">
      <UniqueIdentifier>{71ED8ED8-ACB9-4CE9-BBE1-E00B30144E11}</UniqueIdentifier>
      <Extensions>moc;h;cpp</Extensions>
      <SourceControlFiles>False</SourceControlFiles>
    </Filter>
    <Filter Include="Generated Files\Debug">
      <UniqueIdentifier>{337280aa-e827-468d-ac2f-bfd2948f2a2e}</UniqueIdentifier>
      <Extensions>cpp;moc</Extensions>
      <SourceControlFiles>False</SourceControlFiles>
    </Filter>
    <Filter Include="Generated Files\Release">
      <UniqueIdentifier>{d0d50e43-fbac-4a41-8506-f45f2011ec1b}</UniqueIdentifier>
      <Extensions>cpp;moc</Extensions>
      <SourceControlFiles>False</SourceControlFiles>
    </Filter>
  </ItemGroup>
  <ItemGroup>
    <ClCompile Include="GeneratedFiles\qrc_cososmainwindow.cpp">
      <Filter>Generated Files</Filter>
    </ClCompile>
    <ClCompile Include="AddressParser.cpp">
      <Filter>Source Files</Filter>
    </ClCompile>
    <ClCompile Include="CososMainWindow.cpp">
      <Filter>Source Files</Filter>
    </ClCompile>
    <ClCompile Include="GeneratedFiles\Debug\moc_CososMainWindow.cpp">
      <Filter>Generated Files\Debug</Filter>
    </ClCompile>
    <ClCompile Include="GeneratedFiles\Release\moc_CososMainWindow.cpp">
      <Filter>Generated Files\Release</Filter>
    </ClCompile>
    <ClCompile Include="EEHeapParser.cpp">
      <Filter>Source Files</Filter>
    </ClCompile>
    <ClCompile Include="Extension.cpp">
      <Filter>Source Files</Filter>
    </ClCompile>
    <ClCompile Include="GcViewDescriptor.cpp">
      <Filter>Source Files</Filter>
    </ClCompile>
    <ClCompile Include="MemoryRange.cpp">
      <Filter>Source Files</Filter>
    </ClCompile>
    <ClCompile Include="MemoryRangeAnalyzer.cpp">
      <Filter>Source Files</Filter>
    </ClCompile>
    <ClCompile Include="QtMessagePump.cpp">
      <Filter>Source Files</Filter>
    </ClCompile>
    <ClCompile Include="StdioOutputCallbacks.cpp">
      <Filter>Source Files</Filter>
    </ClCompile>
    <ClCompile Include="WaitApiStackParser.cpp">
      <Filter>Source Files</Filter>
    </ClCompile>
    <ClCompile Include="WinDbgCommandExecutor.cpp">
      <Filter>Source Files</Filter>
    </ClCompile>
    <ClCompile Include="HandleCommandOutput.cpp">
      <Filter>Source Files</Filter>
    </ClCompile>
    <ClCompile Include="HandleCommandParser.cpp">
      <Filter>Source Files</Filter>
    </ClCompile>
    <ClCompile Include="DbgEngLogger.cpp">
      <Filter>Source Files</Filter>
    </ClCompile>
    <ClCompile Include="HtraceCommandParser.cpp">
      <Filter>Source Files</Filter>
    </ClCompile>
    <ClCompile Include="HtraceCommandOutput.cpp">
      <Filter>Source Files</Filter>
    </ClCompile>
    <ClCompile Include="DbgEngMemoryReader.cpp">
      <Filter>Source Files</Filter>
    </ClCompile>
  </ItemGroup>
  <ItemGroup>
    <CustomBuild Include="cososmainwindow.ui">
      <Filter>Form Files</Filter>
    </CustomBuild>
    <CustomBuild Include="cososmainwindow.qrc">
      <Filter>Resource Files</Filter>
    </CustomBuild>
    <CustomBuild Include="CososMainWindow.h">
      <Filter>Header Files</Filter>
    </CustomBuild>
  </ItemGroup>
  <ItemGroup>
    <ClInclude Include="GeneratedFiles\ui_cososmainwindow.h">
      <Filter>Generated Files</Filter>
    </ClInclude>
    <ClInclude Include="AddressParser.h">
      <Filter>Header Files</Filter>
    </ClInclude>
    <ClInclude Include="EEHeapParser.h">
      <Filter>Header Files</Filter>
    </ClInclude>
    <ClInclude Include="GcViewDescriptor.h">
      <Filter>Header Files</Filter>
    </ClInclude>
    <ClInclude Include="MemoryRange.h">
      <Filter>Header Files</Filter>
    </ClInclude>
    <ClInclude Include="MemoryRangeAnalyzer.h">
      <Filter>Header Files</Filter>
    </ClInclude>
    <ClInclude Include="QtMessagePump.h">
      <Filter>Header Files</Filter>
    </ClInclude>
    <ClInclude Include="StdioOutputCallbacks.h">
      <Filter>Header Files</Filter>
    </ClInclude>
    <ClInclude Include="WaitApiStackParser.h">
      <Filter>Header Files</Filter>
    </ClInclude>
    <ClInclude Include="HandleCommandParser.h">
      <Filter>Header Files</Filter>
    </ClInclude>
    <ClInclude Include="HandleCommandOutput.h">
      <Filter>Header Files</Filter>
    </ClInclude>
    <ClInclude Include="IDebuggerCommandExecutor.h">
      <Filter>Header Files</Filter>
    </ClInclude>
    <ClInclude Include="ILogger.h">
      <Filter>Header Files</Filter>
    </ClInclude>
    <ClInclude Include="DbgEngLogger.h">
      <Filter>Header Files</Filter>
    </ClInclude>
    <ClInclude Include="DbgEngCommandExecutor.h">
      <Filter>Header Files</Filter>
    </ClInclude>
    <ClInclude Include="HtraceCommandParser.h">
      <Filter>Header Files</Filter>
    </ClInclude>
    <ClInclude Include="HtraceCommandOutput.h">
      <Filter>Header Files</Filter>
    </ClInclude>
    <ClInclude Include="IMemoryReader.h">
      <Filter>Header Files</Filter>
    </ClInclude>
    <ClInclude Include="DbgEngMemoryReader.h">
      <Filter>Header Files</Filter>
    </ClInclude>
  </ItemGroup>
  <ItemGroup>
    <None Include="cosos.def">
      <Filter>Source Files</Filter>
    </None>
  </ItemGroup>
</Project>