<?xml version="1.0" encoding="utf-8"?>
<Project ToolsVersion="4.0" xmlns="http://schemas.microsoft.com/developer/msbuild/2003">
  <ItemGroup>
    <Filter Include="Source Files">
      <UniqueIdentifier>{4FC737F1-C7A5-4376-A066-2A32D752A2FF}</UniqueIdentifier>
      <Extensions>cpp;c;cc;cxx;def;odl;idl;hpj;bat;asm;asmx</Extensions>
    </Filter>
    <Filter Include="Header Files">
      <UniqueIdentifier>{93995380-89BD-4b04-88EB-625FBE52EBFB}</UniqueIdentifier>
      <Extensions>h;hh;hpp;hxx;hm;inl;inc;xsd</Extensions>
    </Filter>
    <Filter Include="Resource Files">
      <UniqueIdentifier>{67DA6AB6-F800-4c08-8B7A-83BB121AAD01}</UniqueIdentifier>
      <Extensions>rc;ico;cur;bmp;dlg;rc2;rct;bin;rgs;gif;jpg;jpeg;jpe;resx;tiff;tif;png;wav;mfcribbon-ms</Extensions>
    </Filter>
  </ItemGroup>
  <ItemGroup>
    <ClInclude Include="src\ILogger.h">
      <Filter>Header Files</Filter>
    </ClInclude>
    <ClInclude Include="inc\ILogger.h">
      <Filter>Header Files</Filter>
    </ClInclude>
    <ClInclude Include="inc\MemoryRangeAnalyzer.h">
      <Filter>Header Files</Filter>
    </ClInclude>
    <ClInclude Include="inc\HandleCommandOutput.h">
      <Filter>Header Files</Filter>
    </ClInclude>
    <ClInclude Include="inc\HandleCommandParser.h">
      <Filter>Header Files</Filter>
    </ClInclude>
    <ClInclude Include="inc\HtraceCommandOutput.h">
      <Filter>Header Files</Filter>
    </ClInclude>
    <ClInclude Include="inc\HtraceCommandParser.h">
      <Filter>Header Files</Filter>
    </ClInclude>
    <ClInclude Include="inc\IDebuggerCommandExecutor.h">
      <Filter>Header Files</Filter>
    </ClInclude>
    <ClInclude Include="inc\IMemoryReader.h">
      <Filter>Header Files</Filter>
    </ClInclude>
    <ClInclude Include="inc\MemoryRange.h">
      <Filter>Header Files</Filter>
    </ClInclude>
    <ClInclude Include="inc\AddressCommandParser.h">
      <Filter>Header Files</Filter>
    </ClInclude>
    <ClInclude Include="inc\AddressCommandOutput.h">
      <Filter>Header Files</Filter>
    </ClInclude>
    <ClInclude Include="inc\EEHeapCommandParser.h">
      <Filter>Header Files</Filter>
    </ClInclude>
    <ClInclude Include="inc\EEHeapCommandOutput.h">
      <Filter>Header Files</Filter>
    </ClInclude>
    <ClInclude Include="inc\DumpHeapCommandOutput.h">
      <Filter>Header Files</Filter>
    </ClInclude>
    <ClInclude Include="inc\DumpHeapCommandParser.h">
      <Filter>Header Files</Filter>
    </ClInclude>
    <ClInclude Include="inc\SafeWaitHandleOutput.h">
      <Filter>Header Files</Filter>
    </ClInclude>
    <ClInclude Include="inc\SafeWaitHandleParser.h">
      <Filter>Header Files</Filter>
    </ClInclude>
    <ClInclude Include="inc\MethodTableOutput.h">
      <Filter>Header Files</Filter>
    </ClInclude>
  </ItemGroup>
  <ItemGroup>
    <ClCompile Include="src\HandleCommandOutput.cpp">
      <Filter>Source Files</Filter>
    </ClCompile>
    <ClCompile Include="src\HandleCommandParser.cpp">
      <Filter>Source Files</Filter>
    </ClCompile>
    <ClCompile Include="src\HtraceCommandOutput.cpp">
      <Filter>Source Files</Filter>
    </ClCompile>
    <ClCompile Include="src\HtraceCommandParser.cpp">
      <Filter>Source Files</Filter>
    </ClCompile>
    <ClCompile Include="src\MemoryRange.cpp">
      <Filter>Source Files</Filter>
    </ClCompile>
    <ClCompile Include="src\MemoryRangeAnalyzer.cpp">
      <Filter>Source Files</Filter>
    </ClCompile>
    <ClCompile Include="src\AddressCommandParser.cpp">
      <Filter>Source Files</Filter>
    </ClCompile>
    <ClCompile Include="src\AddressCommandOutput.cpp">
      <Filter>Source Files</Filter>
    </ClCompile>
    <ClCompile Include="src\EEHeapCommandParser.cpp">
      <Filter>Source Files</Filter>
    </ClCompile>
    <ClCompile Include="src\EEHeapCommandOutput.cpp">
      <Filter>Source Files</Filter>
    </ClCompile>
    <ClCompile Include="src\DumpHeapCommandOutput.cpp">
      <Filter>Source Files</Filter>
    </ClCompile>
    <ClCompile Include="src\DumpHeapCommandParser.cpp">
      <Filter>Source Files</Filter>
    </ClCompile>
    <ClCompile Include="src\SafeWaitHandleOutput.cpp">
      <Filter>Source Files</Filter>
    </ClCompile>
    <ClCompile Include="src\SafeWaitHandleParser.cpp">
      <Filter>Source Files</Filter>
    </ClCompile>
    <ClCompile Include="src\MethodTableOutput.cpp">
      <Filter>Source Files</Filter>
    </ClCompile>
  </ItemGroup>
</Project>